
Microsoft Visual Studio Solution File, Format Version 12.00
# Visual Studio 14
VisualStudioVersion = 14.0.23107.0
MinimumVisualStudioVersion = 10.0.40219.1
Project("{FAE04EC0-301F-11D3-BF4B-00C04F79EFBC}") = "Salesforce.Migrations.Assistant.Library", "..\Salesforce.Migrations.Assistant.Library\Salesforce.Migrations.Assistant.Library.csproj", "{2E2024AB-DAA3-45E7-8FA6-2076B889BF98}"
EndProject
Project("{FAE04EC0-301F-11D3-BF4B-00C04F79EFBC}") = "Salesforce.Migrations.Assistant.Library.Tests", "Salesforce.Migrations.Assistant.Library.Tests\Salesforce.Migrations.Assistant.Library.Tests.csproj", "{2C2919F8-46CF-455A-96EA-B2B3D2DB45E3}"
EndProject
Global
	GlobalSection(SolutionConfigurationPlatforms) = preSolution
		Debug|Any CPU = Debug|Any CPU
		Release|Any CPU = Release|Any CPU
	EndGlobalSection
	GlobalSection(ProjectConfigurationPlatforms) = postSolution
		{2E2024AB-DAA3-45E7-8FA6-2076B889BF98}.Debug|Any CPU.ActiveCfg = Debug|Any CPU
		{2E2024AB-DAA3-45E7-8FA6-2076B889BF98}.Debug|Any CPU.Build.0 = Debug|Any CPU
		{2E2024AB-DAA3-45E7-8FA6-2076B889BF98}.Release|Any CPU.ActiveCfg = Release|Any CPU
		{2E2024AB-DAA3-45E7-8FA6-2076B889BF98}.Release|Any CPU.Build.0 = Release|Any CPU
		{2C2919F8-46CF-455A-96EA-B2B3D2DB45E3}.Debug|Any CPU.ActiveCfg = Debug|Any CPU
		{2C2919F8-46CF-455A-96EA-B2B3D2DB45E3}.Debug|Any CPU.Build.0 = Debug|Any CPU
		{2C2919F8-46CF-455A-96EA-B2B3D2DB45E3}.Release|Any CPU.ActiveCfg = Release|Any CPU
		{2C2919F8-46CF-455A-96EA-B2B3D2DB45E3}.Release|Any CPU.Build.0 = Release|Any CPU
	EndGlobalSection
	GlobalSection(SolutionProperties) = preSolution
		HideSolutionNode = FALSE
	EndGlobalSection
EndGlobal
